
Microsoft Visual Studio Solution File, Format Version 12.00
# Visual Studio 14
VisualStudioVersion = 14.0.24720.0
MinimumVisualStudioVersion = 10.0.40219.1
Project("{FAE04EC0-301F-11D3-BF4B-00C04F79EFBC}") = "WieZoektDieVindt", "WieZoektDieVindt\WieZoektDieVindt.csproj", "{63E2892C-C629-4C77-861C-7CF56D782C19}"
EndProject
Global
	GlobalSection(SolutionConfigurationPlatforms) = preSolution
		Debug|Any CPU = Debug|Any CPU
		Release|Any CPU = Release|Any CPU
	EndGlobalSection
	GlobalSection(ProjectConfigurationPlatforms) = postSolution
		{63E2892C-C629-4C77-861C-7CF56D782C19}.Debug|Any CPU.ActiveCfg = Debug|Any CPU
		{63E2892C-C629-4C77-861C-7CF56D782C19}.Debug|Any CPU.Build.0 = Debug|Any CPU
		{63E2892C-C629-4C77-861C-7CF56D782C19}.Release|Any CPU.ActiveCfg = Release|Any CPU
		{63E2892C-C629-4C77-861C-7CF56D782C19}.Release|Any CPU.Build.0 = Release|Any CPU
	EndGlobalSection
	GlobalSection(SolutionProperties) = preSolution
		HideSolutionNode = FALSE
	EndGlobalSection
EndGlobal
