
Microsoft Visual Studio Solution File, Format Version 12.00
# Visual Studio 15
VisualStudioVersion = 15.0.27004.2009
MinimumVisualStudioVersion = 10.0.40219.1
Project("{FAE04EC0-301F-11D3-BF4B-00C04F79EFBC}") = "Controller", "Controller\Controller.csproj", "{C7F6C927-BF1B-48CA-9791-57485740279C}"
EndProject
Global
	GlobalSection(SolutionConfigurationPlatforms) = preSolution
		Debug|Any CPU = Debug|Any CPU
		Release|Any CPU = Release|Any CPU
	EndGlobalSection
	GlobalSection(ProjectConfigurationPlatforms) = postSolution
		{C7F6C927-BF1B-48CA-9791-57485740279C}.Debug|Any CPU.ActiveCfg = Debug|Any CPU
		{C7F6C927-BF1B-48CA-9791-57485740279C}.Debug|Any CPU.Build.0 = Debug|Any CPU
		{C7F6C927-BF1B-48CA-9791-57485740279C}.Release|Any CPU.ActiveCfg = Release|Any CPU
		{C7F6C927-BF1B-48CA-9791-57485740279C}.Release|Any CPU.Build.0 = Release|Any CPU
	EndGlobalSection
	GlobalSection(SolutionProperties) = preSolution
		HideSolutionNode = FALSE
	EndGlobalSection
	GlobalSection(ExtensibilityGlobals) = postSolution
		SolutionGuid = {0EE724C8-6429-475F-8517-0045A21252C8}
	EndGlobalSection
EndGlobal
